
Microsoft Visual Studio Solution File, Format Version 12.00
# Visual Studio Version 16
VisualStudioVersion = 16.0.33801.447
MinimumVisualStudioVersion = 10.0.40219.1
Project("{FAE04EC0-301F-11D3-BF4B-00C04F79EFBC}") = "L7MG1100823", "L7MG1100823\L7MG1100823.csproj", "{BC80CD5D-8274-46A7-B622-9CFB1D77EC28}"
EndProject
Global
	GlobalSection(SolutionConfigurationPlatforms) = preSolution
		Debug|Any CPU = Debug|Any CPU
		Release|Any CPU = Release|Any CPU
	EndGlobalSection
	GlobalSection(ProjectConfigurationPlatforms) = postSolution
		{BC80CD5D-8274-46A7-B622-9CFB1D77EC28}.Debug|Any CPU.ActiveCfg = Debug|Any CPU
		{BC80CD5D-8274-46A7-B622-9CFB1D77EC28}.Debug|Any CPU.Build.0 = Debug|Any CPU
		{BC80CD5D-8274-46A7-B622-9CFB1D77EC28}.Release|Any CPU.ActiveCfg = Release|Any CPU
		{BC80CD5D-8274-46A7-B622-9CFB1D77EC28}.Release|Any CPU.Build.0 = Release|Any CPU
	EndGlobalSection
	GlobalSection(SolutionProperties) = preSolution
		HideSolutionNode = FALSE
	EndGlobalSection
	GlobalSection(ExtensibilityGlobals) = postSolution
		SolutionGuid = {2F52F643-EDBA-4AE5-BC52-7D3BE2DA7590}
	EndGlobalSection
EndGlobal
