
Microsoft Visual Studio Solution File, Format Version 12.00
# Visual Studio Version 17
VisualStudioVersion = 17.7.34018.315
MinimumVisualStudioVersion = 10.0.40219.1
Project("{FAE04EC0-301F-11D3-BF4B-00C04F79EFBC}") = "Segundo Proyecto Marcela Gálvez 1100823", "Segundo Proyecto Marcela Gálvez 1100823.csproj", "{77B6FDDC-1D78-46EB-BD73-D59B3992A980}"
EndProject
Global
	GlobalSection(SolutionConfigurationPlatforms) = preSolution
		Debug|Any CPU = Debug|Any CPU
		Release|Any CPU = Release|Any CPU
	EndGlobalSection
	GlobalSection(ProjectConfigurationPlatforms) = postSolution
		{77B6FDDC-1D78-46EB-BD73-D59B3992A980}.Debug|Any CPU.ActiveCfg = Debug|Any CPU
		{77B6FDDC-1D78-46EB-BD73-D59B3992A980}.Debug|Any CPU.Build.0 = Debug|Any CPU
		{77B6FDDC-1D78-46EB-BD73-D59B3992A980}.Release|Any CPU.ActiveCfg = Release|Any CPU
		{77B6FDDC-1D78-46EB-BD73-D59B3992A980}.Release|Any CPU.Build.0 = Release|Any CPU
	EndGlobalSection
	GlobalSection(SolutionProperties) = preSolution
		HideSolutionNode = FALSE
	EndGlobalSection
	GlobalSection(ExtensibilityGlobals) = postSolution
		SolutionGuid = {53686BA3-F846-4C1F-8038-9F33DD7B99A2}
	EndGlobalSection
EndGlobal
