
Microsoft Visual Studio Solution File, Format Version 12.00
# Visual Studio Version 17
VisualStudioVersion = 17.7.34018.315
MinimumVisualStudioVersion = 10.0.40219.1
Project("{FAE04EC0-301F-11D3-BF4B-00C04F79EFBC}") = "T9MG1100823", "T9MG1100823\T9MG1100823.csproj", "{A41BE7BB-DAD8-4384-83ED-5394513DDC61}"
EndProject
Global
	GlobalSection(SolutionConfigurationPlatforms) = preSolution
		Debug|Any CPU = Debug|Any CPU
		Release|Any CPU = Release|Any CPU
	EndGlobalSection
	GlobalSection(ProjectConfigurationPlatforms) = postSolution
		{A41BE7BB-DAD8-4384-83ED-5394513DDC61}.Debug|Any CPU.ActiveCfg = Debug|Any CPU
		{A41BE7BB-DAD8-4384-83ED-5394513DDC61}.Debug|Any CPU.Build.0 = Debug|Any CPU
		{A41BE7BB-DAD8-4384-83ED-5394513DDC61}.Release|Any CPU.ActiveCfg = Release|Any CPU
		{A41BE7BB-DAD8-4384-83ED-5394513DDC61}.Release|Any CPU.Build.0 = Release|Any CPU
	EndGlobalSection
	GlobalSection(SolutionProperties) = preSolution
		HideSolutionNode = FALSE
	EndGlobalSection
	GlobalSection(ExtensibilityGlobals) = postSolution
		SolutionGuid = {625E6416-7942-4B96-843E-1CF45B5942AE}
	EndGlobalSection
EndGlobal
