
Microsoft Visual Studio Solution File, Format Version 12.00
# Visual Studio Version 17
VisualStudioVersion = 17.7.34018.315
MinimumVisualStudioVersion = 10.0.40219.1
Project("{FAE04EC0-301F-11D3-BF4B-00C04F79EFBC}") = "L10MG1100823", "L10MG1100823\L10MG1100823.csproj", "{5E3F31AD-5945-41BB-9A9D-F4A8983F8306}"
EndProject
Global
	GlobalSection(SolutionConfigurationPlatforms) = preSolution
		Debug|Any CPU = Debug|Any CPU
		Release|Any CPU = Release|Any CPU
	EndGlobalSection
	GlobalSection(ProjectConfigurationPlatforms) = postSolution
		{5E3F31AD-5945-41BB-9A9D-F4A8983F8306}.Debug|Any CPU.ActiveCfg = Debug|Any CPU
		{5E3F31AD-5945-41BB-9A9D-F4A8983F8306}.Debug|Any CPU.Build.0 = Debug|Any CPU
		{5E3F31AD-5945-41BB-9A9D-F4A8983F8306}.Release|Any CPU.ActiveCfg = Release|Any CPU
		{5E3F31AD-5945-41BB-9A9D-F4A8983F8306}.Release|Any CPU.Build.0 = Release|Any CPU
	EndGlobalSection
	GlobalSection(SolutionProperties) = preSolution
		HideSolutionNode = FALSE
	EndGlobalSection
	GlobalSection(ExtensibilityGlobals) = postSolution
		SolutionGuid = {11017990-F0C4-43AB-B0A7-5979D613F952}
	EndGlobalSection
EndGlobal
