
Microsoft Visual Studio Solution File, Format Version 12.00
# Visual Studio Version 17
VisualStudioVersion = 17.7.34018.315
MinimumVisualStudioVersion = 10.0.40219.1
Project("{FAE04EC0-301F-11D3-BF4B-00C04F79EFBC}") = "T10MG1100823", "T10MG1100823\T10MG1100823.csproj", "{3CEDE24E-709A-4B8F-BB28-CB23F61CB6AD}"
EndProject
Global
	GlobalSection(SolutionConfigurationPlatforms) = preSolution
		Debug|Any CPU = Debug|Any CPU
		Release|Any CPU = Release|Any CPU
	EndGlobalSection
	GlobalSection(ProjectConfigurationPlatforms) = postSolution
		{3CEDE24E-709A-4B8F-BB28-CB23F61CB6AD}.Debug|Any CPU.ActiveCfg = Debug|Any CPU
		{3CEDE24E-709A-4B8F-BB28-CB23F61CB6AD}.Debug|Any CPU.Build.0 = Debug|Any CPU
		{3CEDE24E-709A-4B8F-BB28-CB23F61CB6AD}.Release|Any CPU.ActiveCfg = Release|Any CPU
		{3CEDE24E-709A-4B8F-BB28-CB23F61CB6AD}.Release|Any CPU.Build.0 = Release|Any CPU
	EndGlobalSection
	GlobalSection(SolutionProperties) = preSolution
		HideSolutionNode = FALSE
	EndGlobalSection
	GlobalSection(ExtensibilityGlobals) = postSolution
		SolutionGuid = {01DEB094-6ACC-418B-8BDF-77CBCB298C25}
	EndGlobalSection
EndGlobal
