
Microsoft Visual Studio Solution File, Format Version 12.00
# Visual Studio Version 17
VisualStudioVersion = 17.7.34018.315
MinimumVisualStudioVersion = 10.0.40219.1
Project("{FAE04EC0-301F-11D3-BF4B-00C04F79EFBC}") = "L1MG1100823", "L1MG1100823\L1MG1100823.csproj", "{8F29DAC3-D2F4-4AFB-9779-F0E2738F2619}"
EndProject
Global
	GlobalSection(SolutionConfigurationPlatforms) = preSolution
		Debug|Any CPU = Debug|Any CPU
		Release|Any CPU = Release|Any CPU
	EndGlobalSection
	GlobalSection(ProjectConfigurationPlatforms) = postSolution
		{8F29DAC3-D2F4-4AFB-9779-F0E2738F2619}.Debug|Any CPU.ActiveCfg = Debug|Any CPU
		{8F29DAC3-D2F4-4AFB-9779-F0E2738F2619}.Debug|Any CPU.Build.0 = Debug|Any CPU
		{8F29DAC3-D2F4-4AFB-9779-F0E2738F2619}.Release|Any CPU.ActiveCfg = Release|Any CPU
		{8F29DAC3-D2F4-4AFB-9779-F0E2738F2619}.Release|Any CPU.Build.0 = Release|Any CPU
	EndGlobalSection
	GlobalSection(SolutionProperties) = preSolution
		HideSolutionNode = FALSE
	EndGlobalSection
	GlobalSection(ExtensibilityGlobals) = postSolution
		SolutionGuid = {90C20638-6441-49EC-86A0-8B9FE68C6426}
	EndGlobalSection
EndGlobal
