
Microsoft Visual Studio Solution File, Format Version 12.00
# Visual Studio Version 17
VisualStudioVersion = 17.7.34018.315
MinimumVisualStudioVersion = 10.0.40219.1
Project("{FAE04EC0-301F-11D3-BF4B-00C04F79EFBC}") = "FINAL_MG_1100823", "FINAL_MG_1100823.csproj", "{89D76725-2335-4B0A-BCE6-5779C4287CD1}"
EndProject
Global
	GlobalSection(SolutionConfigurationPlatforms) = preSolution
		Debug|Any CPU = Debug|Any CPU
		Release|Any CPU = Release|Any CPU
	EndGlobalSection
	GlobalSection(ProjectConfigurationPlatforms) = postSolution
		{89D76725-2335-4B0A-BCE6-5779C4287CD1}.Debug|Any CPU.ActiveCfg = Debug|Any CPU
		{89D76725-2335-4B0A-BCE6-5779C4287CD1}.Debug|Any CPU.Build.0 = Debug|Any CPU
		{89D76725-2335-4B0A-BCE6-5779C4287CD1}.Release|Any CPU.ActiveCfg = Release|Any CPU
		{89D76725-2335-4B0A-BCE6-5779C4287CD1}.Release|Any CPU.Build.0 = Release|Any CPU
	EndGlobalSection
	GlobalSection(SolutionProperties) = preSolution
		HideSolutionNode = FALSE
	EndGlobalSection
	GlobalSection(ExtensibilityGlobals) = postSolution
		SolutionGuid = {3E1E74C4-F15D-40FE-AD75-48CE5B4CD987}
	EndGlobalSection
EndGlobal
